
Microsoft Visual Studio Solution File, Format Version 12.00
# Visual Studio Version 17
VisualStudioVersion = 17.3.32929.385
MinimumVisualStudioVersion = 10.0.40219.1
Project("{9A19103F-16F7-4668-BE54-9A1E7A4F7556}") = "JobPositions", "JobPositions\JobPositions.csproj", "{0B71A59A-9E21-4121-9322-2C3BBCD2E8EC}"
EndProject
Project("{9A19103F-16F7-4668-BE54-9A1E7A4F7556}") = "Rankers", "Rankers\Rankers.csproj", "{C413CDEB-0277-47CE-973E-9C0182B77572}"
EndProject
Project("{FAE04EC0-301F-11D3-BF4B-00C04F79EFBC}") = "Branches", "Branches\Branches.csproj", "{830197D9-F283-4525-A4C5-679CC0908C6A}"
EndProject
Project("{FAE04EC0-301F-11D3-BF4B-00C04F79EFBC}") = "Industries", "Industries\Industries.csproj", "{0837DDA8-A350-4F83-8B18-FDE81CFDC1A6}"
EndProject
Project("{FAE04EC0-301F-11D3-BF4B-00C04F79EFBC}") = "Banks", "Banks\Banks.csproj", "{B729B7D4-D721-4092-A860-7DC72EBAF13F}"
EndProject
Global
	GlobalSection(SolutionConfigurationPlatforms) = preSolution
		Debug|Any CPU = Debug|Any CPU
		Release|Any CPU = Release|Any CPU
	EndGlobalSection
	GlobalSection(ProjectConfigurationPlatforms) = postSolution
		{0B71A59A-9E21-4121-9322-2C3BBCD2E8EC}.Debug|Any CPU.ActiveCfg = Debug|Any CPU
		{0B71A59A-9E21-4121-9322-2C3BBCD2E8EC}.Debug|Any CPU.Build.0 = Debug|Any CPU
		{0B71A59A-9E21-4121-9322-2C3BBCD2E8EC}.Release|Any CPU.ActiveCfg = Release|Any CPU
		{0B71A59A-9E21-4121-9322-2C3BBCD2E8EC}.Release|Any CPU.Build.0 = Release|Any CPU
		{C413CDEB-0277-47CE-973E-9C0182B77572}.Debug|Any CPU.ActiveCfg = Debug|Any CPU
		{C413CDEB-0277-47CE-973E-9C0182B77572}.Debug|Any CPU.Build.0 = Debug|Any CPU
		{C413CDEB-0277-47CE-973E-9C0182B77572}.Release|Any CPU.ActiveCfg = Release|Any CPU
		{C413CDEB-0277-47CE-973E-9C0182B77572}.Release|Any CPU.Build.0 = Release|Any CPU
		{830197D9-F283-4525-A4C5-679CC0908C6A}.Debug|Any CPU.ActiveCfg = Debug|Any CPU
		{830197D9-F283-4525-A4C5-679CC0908C6A}.Debug|Any CPU.Build.0 = Debug|Any CPU
		{830197D9-F283-4525-A4C5-679CC0908C6A}.Release|Any CPU.ActiveCfg = Release|Any CPU
		{830197D9-F283-4525-A4C5-679CC0908C6A}.Release|Any CPU.Build.0 = Release|Any CPU
		{0837DDA8-A350-4F83-8B18-FDE81CFDC1A6}.Debug|Any CPU.ActiveCfg = Debug|Any CPU
		{0837DDA8-A350-4F83-8B18-FDE81CFDC1A6}.Debug|Any CPU.Build.0 = Debug|Any CPU
		{0837DDA8-A350-4F83-8B18-FDE81CFDC1A6}.Release|Any CPU.ActiveCfg = Release|Any CPU
		{0837DDA8-A350-4F83-8B18-FDE81CFDC1A6}.Release|Any CPU.Build.0 = Release|Any CPU
		{B729B7D4-D721-4092-A860-7DC72EBAF13F}.Debug|Any CPU.ActiveCfg = Debug|Any CPU
		{B729B7D4-D721-4092-A860-7DC72EBAF13F}.Debug|Any CPU.Build.0 = Debug|Any CPU
		{B729B7D4-D721-4092-A860-7DC72EBAF13F}.Release|Any CPU.ActiveCfg = Release|Any CPU
		{B729B7D4-D721-4092-A860-7DC72EBAF13F}.Release|Any CPU.Build.0 = Release|Any CPU
	EndGlobalSection
	GlobalSection(SolutionProperties) = preSolution
		HideSolutionNode = FALSE
	EndGlobalSection
	GlobalSection(ExtensibilityGlobals) = postSolution
		SolutionGuid = {AD431202-A5F0-4DEF-9FE9-745452441E8B}
	EndGlobalSection
EndGlobal
