
Microsoft Visual Studio Solution File, Format Version 12.00
# Visual Studio Version 17
VisualStudioVersion = 17.3.32929.385
MinimumVisualStudioVersion = 10.0.40219.1
Project("{FAE04EC0-301F-11D3-BF4B-00C04F79EFBC}") = "JobPositions", "JobPositions\JobPositions.csproj", "{0B71A59A-9E21-4121-9322-2C3BBCD2E8EC}"
EndProject
Project("{FAE04EC0-301F-11D3-BF4B-00C04F79EFBC}") = "Rankers", "Rankers\Rankers.csproj", "{C413CDEB-0277-47CE-973E-9C0182B77572}"
EndProject
Global
	GlobalSection(SolutionConfigurationPlatforms) = preSolution
		Debug|Any CPU = Debug|Any CPU
		Release|Any CPU = Release|Any CPU
	EndGlobalSection
	GlobalSection(ProjectConfigurationPlatforms) = postSolution
		{0B71A59A-9E21-4121-9322-2C3BBCD2E8EC}.Debug|Any CPU.ActiveCfg = Debug|Any CPU
		{0B71A59A-9E21-4121-9322-2C3BBCD2E8EC}.Debug|Any CPU.Build.0 = Debug|Any CPU
		{0B71A59A-9E21-4121-9322-2C3BBCD2E8EC}.Release|Any CPU.ActiveCfg = Release|Any CPU
		{0B71A59A-9E21-4121-9322-2C3BBCD2E8EC}.Release|Any CPU.Build.0 = Release|Any CPU
		{C413CDEB-0277-47CE-973E-9C0182B77572}.Debug|Any CPU.ActiveCfg = Debug|Any CPU
		{C413CDEB-0277-47CE-973E-9C0182B77572}.Debug|Any CPU.Build.0 = Debug|Any CPU
		{C413CDEB-0277-47CE-973E-9C0182B77572}.Release|Any CPU.ActiveCfg = Release|Any CPU
		{C413CDEB-0277-47CE-973E-9C0182B77572}.Release|Any CPU.Build.0 = Release|Any CPU
	EndGlobalSection
	GlobalSection(SolutionProperties) = preSolution
		HideSolutionNode = FALSE
	EndGlobalSection
	GlobalSection(ExtensibilityGlobals) = postSolution
		SolutionGuid = {AD431202-A5F0-4DEF-9FE9-745452441E8B}
	EndGlobalSection
EndGlobal
